// !$*UTF8*$!
{
	archiveVersion = 1;
	classes = {
	};
	objectVersion = 56;
	objects = {

/* Begin PBXBuildFile section */
		3F95B9A72B98B4D70004B9C1 /* AppDelegate.swift in Sources */ = {isa = PBXBuildFile; fileRef = 3F95B9A62B98B4D70004B9C1 /* AppDelegate.swift */; };
		3F95B9B02B98B4D90004B9C1 /* Assets.xcassets in Resources */ = {isa = PBXBuildFile; fileRef = 3F95B9AF2B98B4D90004B9C1 /* Assets.xcassets */; };
		3F95B9C82B98B4D90004B9C1 /* MoviesUITests.swift in Sources */ = {isa = PBXBuildFile; fileRef = 3F95B9C72B98B4D90004B9C1 /* MoviesUITests.swift */; };
		3F95B9CA2B98B4D90004B9C1 /* MoviesUITestsLaunchTests.swift in Sources */ = {isa = PBXBuildFile; fileRef = 3F95B9C92B98B4D90004B9C1 /* MoviesUITestsLaunchTests.swift */; };
		3F95B9D82B98B6AE0004B9C1 /* MoviesListViewController.swift in Sources */ = {isa = PBXBuildFile; fileRef = 3F95B9D62B98B6AE0004B9C1 /* MoviesListViewController.swift */; };
		3F95B9D92B98B6AE0004B9C1 /* MoviesListViewController.xib in Resources */ = {isa = PBXBuildFile; fileRef = 3F95B9D72B98B6AE0004B9C1 /* MoviesListViewController.xib */; };
		3F95B9E02B98C94D0004B9C1 /* MoviesRepository.swift in Sources */ = {isa = PBXBuildFile; fileRef = 3F95B9DF2B98C94D0004B9C1 /* MoviesRepository.swift */; };
		3FA41D782B99B86B00236256 /* MoviesApi.swift in Sources */ = {isa = PBXBuildFile; fileRef = 3FA41D772B99B86B00236256 /* MoviesApi.swift */; };
		3FA41D7B2B99BA7A00236256 /* String+Extension.swift in Sources */ = {isa = PBXBuildFile; fileRef = 3FA41D7A2B99BA7A00236256 /* String+Extension.swift */; };
		3FA41D7F2B99C96100236256 /* MoviesRemoteDataSource.swift in Sources */ = {isa = PBXBuildFile; fileRef = 3FA41D7E2B99C96100236256 /* MoviesRemoteDataSource.swift */; };
		3FA41D842B99CB1600236256 /* MoviesDataRepository.swift in Sources */ = {isa = PBXBuildFile; fileRef = 3FA41D832B99CB1600236256 /* MoviesDataRepository.swift */; };
		3FA41D862B99CBDC00236256 /* MoviesDataSource.swift in Sources */ = {isa = PBXBuildFile; fileRef = 3FA41D852B99CBDC00236256 /* MoviesDataSource.swift */; };
		3FA41D882B99CE8C00236256 /* MoviesResponseRemoteEntity.swift in Sources */ = {isa = PBXBuildFile; fileRef = 3FA41D872B99CE8C00236256 /* MoviesResponseRemoteEntity.swift */; };
		3FA41D8A2B99D1AE00236256 /* RequestPublisher.swift in Sources */ = {isa = PBXBuildFile; fileRef = 3FA41D892B99D1AE00236256 /* RequestPublisher.swift */; };
		3FA41D8C2B99F07000236256 /* MoviesRemoteEntity.swift in Sources */ = {isa = PBXBuildFile; fileRef = 3FA41D8B2B99F07000236256 /* MoviesRemoteEntity.swift */; };
		3FA41D8F2B99F09B00236256 /* Movie.swift in Sources */ = {isa = PBXBuildFile; fileRef = 3FA41D8E2B99F09B00236256 /* Movie.swift */; };
		3FA41D912B9A13F300236256 /* GetTrendingMoviesUseCase.swift in Sources */ = {isa = PBXBuildFile; fileRef = 3FA41D902B9A13F300236256 /* GetTrendingMoviesUseCase.swift */; };
		3FA41D942B9B0D1D00236256 /* MoviesListPresenter.swift in Sources */ = {isa = PBXBuildFile; fileRef = 3FA41D932B9B0D1D00236256 /* MoviesListPresenter.swift */; };
		3FA41D962B9B0F1D00236256 /* MoviesListAssembler.swift in Sources */ = {isa = PBXBuildFile; fileRef = 3FA41D952B9B0F1D00236256 /* MoviesListAssembler.swift */; };
		3FA41D992B9B13CF00236256 /* UI.swift in Sources */ = {isa = PBXBuildFile; fileRef = 3FA41D982B9B13CF00236256 /* UI.swift */; };
		3FB848092B9FB4C7002D19FA /* DataController.swift in Sources */ = {isa = PBXBuildFile; fileRef = 3FB848082B9FB4C7002D19FA /* DataController.swift */; };
		3FB8480C2B9FB5D4002D19FA /* Movies.xcdatamodeld in Sources */ = {isa = PBXBuildFile; fileRef = 3FB8480A2B9FB5D4002D19FA /* Movies.xcdatamodeld */; };
		3FB848142BA05256002D19FA /* MovieLocalEntity+CoreDataProperties.swift in Sources */ = {isa = PBXBuildFile; fileRef = 3FB848132BA05256002D19FA /* MovieLocalEntity+CoreDataProperties.swift */; };
		3FB848162BA05273002D19FA /* MovieLocalEntity+CoreDataClass.swift in Sources */ = {isa = PBXBuildFile; fileRef = 3FB848152BA05273002D19FA /* MovieLocalEntity+CoreDataClass.swift */; };
		3FB848182BA055A2002D19FA /* MoviesLocalDataSource.swift in Sources */ = {isa = PBXBuildFile; fileRef = 3FB848172BA055A2002D19FA /* MoviesLocalDataSource.swift */; };
		3FB8481A2BA06FB5002D19FA /* GetFavoriteMoviesUseCase.swift in Sources */ = {isa = PBXBuildFile; fileRef = 3FB848192BA06FB5002D19FA /* GetFavoriteMoviesUseCase.swift */; };
		3FB8481C2BA06FE0002D19FA /* SaveFavoriteMovieUseCase.swift in Sources */ = {isa = PBXBuildFile; fileRef = 3FB8481B2BA06FE0002D19FA /* SaveFavoriteMovieUseCase.swift */; };
		3FB8481E2BA0708A002D19FA /* DeleteFavoriteMovieUseCase.swift in Sources */ = {isa = PBXBuildFile; fileRef = 3FB8481D2BA0708A002D19FA /* DeleteFavoriteMovieUseCase.swift */; };
		3FB848202BA0784F002D19FA /* GetTrendingMoviesWithFavoriteStatusUseCase.swift in Sources */ = {isa = PBXBuildFile; fileRef = 3FB8481F2BA0784F002D19FA /* GetTrendingMoviesWithFavoriteStatusUseCase.swift */; };
		3FB848252BA1A3E9002D19FA /* AppRouter.swift in Sources */ = {isa = PBXBuildFile; fileRef = 3FB848242BA1A3E9002D19FA /* AppRouter.swift */; };
		3FB848272BA1AE80002D19FA /* RoutableViewController.swift in Sources */ = {isa = PBXBuildFile; fileRef = 3FB848262BA1AE80002D19FA /* RoutableViewController.swift */; };
		3FB848292BA1AE99002D19FA /* BaseViewController.swift in Sources */ = {isa = PBXBuildFile; fileRef = 3FB848282BA1AE99002D19FA /* BaseViewController.swift */; };
		3FB8482D2BA1BF45002D19FA /* MovieDetailViewController.swift in Sources */ = {isa = PBXBuildFile; fileRef = 3FB8482B2BA1BF45002D19FA /* MovieDetailViewController.swift */; };
		3FB8482E2BA1BF45002D19FA /* MovieDetailViewController.xib in Resources */ = {isa = PBXBuildFile; fileRef = 3FB8482C2BA1BF45002D19FA /* MovieDetailViewController.xib */; };
		3FB848302BA1CA6F002D19FA /* MovieDetailPresenter.swift in Sources */ = {isa = PBXBuildFile; fileRef = 3FB8482F2BA1CA6E002D19FA /* MovieDetailPresenter.swift */; };
		3FB848322BA1CF7F002D19FA /* MovieDetailAssembler.swift in Sources */ = {isa = PBXBuildFile; fileRef = 3FB848312BA1CF7F002D19FA /* MovieDetailAssembler.swift */; };
		3FB848362BA1FC0D002D19FA /* FavoritesAssembler.swift in Sources */ = {isa = PBXBuildFile; fileRef = 3FB848352BA1FC0D002D19FA /* FavoritesAssembler.swift */; };
		3FB848382BA34C29002D19FA /* GetTrendingMoviesWithFavoriteStatusUseCaseTests.swift in Sources */ = {isa = PBXBuildFile; fileRef = 3FB848372BA34C29002D19FA /* GetTrendingMoviesWithFavoriteStatusUseCaseTests.swift */; };
		3FB8483A2BA45D7A002D19FA /* AppendApiKeyTests.swift in Sources */ = {isa = PBXBuildFile; fileRef = 3FB848392BA45D7A002D19FA /* AppendApiKeyTests.swift */; };
		3FC13F5E2B9B1B87004659BF /* MoviesListAdapter.swift in Sources */ = {isa = PBXBuildFile; fileRef = 3FC13F5D2B9B1B87004659BF /* MoviesListAdapter.swift */; };
		3FC13F622B9B1C27004659BF /* MoviesListCollectionViewCell.swift in Sources */ = {isa = PBXBuildFile; fileRef = 3FC13F602B9B1C27004659BF /* MoviesListCollectionViewCell.swift */; };
		3FC13F632B9B1C27004659BF /* MoviesListCollectionViewCell.xib in Resources */ = {isa = PBXBuildFile; fileRef = 3FC13F612B9B1C27004659BF /* MoviesListCollectionViewCell.xib */; };
		3FC13F662B9B215E004659BF /* ImageManager.swift in Sources */ = {isa = PBXBuildFile; fileRef = 3FC13F652B9B215E004659BF /* ImageManager.swift */; };
		3FC13F682B9B3A67004659BF /* ImagesConstants.swift in Sources */ = {isa = PBXBuildFile; fileRef = 3FC13F672B9B3A67004659BF /* ImagesConstants.swift */; };
		3FC13F6A2B9B3F6A004659BF /* CollectionViewCell.swift in Sources */ = {isa = PBXBuildFile; fileRef = 3FC13F692B9B3F6A004659BF /* CollectionViewCell.swift */; };
		3FC13F6C2B9B4B83004659BF /* ApiDetails.swift in Sources */ = {isa = PBXBuildFile; fileRef = 3FC13F6B2B9B4B83004659BF /* ApiDetails.swift */; };
		3FC13F702B9B5FB6004659BF /* MoviesRepositoryMock.swift in Sources */ = {isa = PBXBuildFile; fileRef = 3FC13F6F2B9B5FB6004659BF /* MoviesRepositoryMock.swift */; };
		3FC13F712B9B6002004659BF /* RequestPublisher.swift in Sources */ = {isa = PBXBuildFile; fileRef = 3FA41D892B99D1AE00236256 /* RequestPublisher.swift */; };
		3FC13F732B9F17D4004659BF /* MoviesListUIMock.swift in Sources */ = {isa = PBXBuildFile; fileRef = 3FC13F722B9F17D4004659BF /* MoviesListUIMock.swift */; };
		3FC13F742B9F2219004659BF /* ApiDetails.swift in Sources */ = {isa = PBXBuildFile; fileRef = 3FC13F6B2B9B4B83004659BF /* ApiDetails.swift */; };
		3FC13F752B9F2248004659BF /* String+Extension.swift in Sources */ = {isa = PBXBuildFile; fileRef = 3FA41D7A2B99BA7A00236256 /* String+Extension.swift */; };
		3FC13F772B9F2D60004659BF /* MoviesListPresenterTests.swift in Sources */ = {isa = PBXBuildFile; fileRef = 3FC13F762B9F2D5F004659BF /* MoviesListPresenterTests.swift */; };
		3FC13FB52B9F503A004659BF /* OverlayUIView.swift in Sources */ = {isa = PBXBuildFile; fileRef = 3FC13FB42B9F503A004659BF /* OverlayUIView.swift */; };
		3FC13FB72B9F5052004659BF /* OverlayUIView.xib in Resources */ = {isa = PBXBuildFile; fileRef = 3FC13FB62B9F5052004659BF /* OverlayUIView.xib */; };
		3FC13FBA2B9F77CC004659BF /* ViewController.swift in Sources */ = {isa = PBXBuildFile; fileRef = 3FC13FB92B9F77CC004659BF /* ViewController.swift */; };
		3FC13FBC2B9F7D3B004659BF /* MovieEntityMock.swift in Sources */ = {isa = PBXBuildFile; fileRef = 3FC13FBB2B9F7D3B004659BF /* MovieEntityMock.swift */; };
		3FC13FBE2B9F8239004659BF /* GetTrendingMoviesUseCaseTests.swift in Sources */ = {isa = PBXBuildFile; fileRef = 3FC13FBD2B9F8239004659BF /* GetTrendingMoviesUseCaseTests.swift */; };
		3FC13FC02B9F87EE004659BF /* MovieMapperTest.swift in Sources */ = {isa = PBXBuildFile; fileRef = 3FC13FBF2B9F87EE004659BF /* MovieMapperTest.swift */; };
		3FC13FC22B9F891B004659BF /* MovieRemoteEntityMock.swift in Sources */ = {isa = PBXBuildFile; fileRef = 3FC13FC12B9F891B004659BF /* MovieRemoteEntityMock.swift */; };
/* End PBXBuildFile section */

/* Begin PBXContainerItemProxy section */
		3F95B9BA2B98B4D90004B9C1 /* PBXContainerItemProxy */ = {
			isa = PBXContainerItemProxy;
			containerPortal = 3F95B99B2B98B4D70004B9C1 /* Project object */;
			proxyType = 1;
			remoteGlobalIDString = 3F95B9A22B98B4D70004B9C1;
			remoteInfo = Movies;
		};
		3F95B9C42B98B4D90004B9C1 /* PBXContainerItemProxy */ = {
			isa = PBXContainerItemProxy;
			containerPortal = 3F95B99B2B98B4D70004B9C1 /* Project object */;
			proxyType = 1;
			remoteGlobalIDString = 3F95B9A22B98B4D70004B9C1;
			remoteInfo = Movies;
		};
/* End PBXContainerItemProxy section */

/* Begin PBXFileReference section */
		3F95B9A32B98B4D70004B9C1 /* Movies.app */ = {isa = PBXFileReference; explicitFileType = wrapper.application; includeInIndex = 0; path = Movies.app; sourceTree = BUILT_PRODUCTS_DIR; };
		3F95B9A62B98B4D70004B9C1 /* AppDelegate.swift */ = {isa = PBXFileReference; lastKnownFileType = sourcecode.swift; path = AppDelegate.swift; sourceTree = "<group>"; };
		3F95B9AF2B98B4D90004B9C1 /* Assets.xcassets */ = {isa = PBXFileReference; lastKnownFileType = folder.assetcatalog; path = Assets.xcassets; sourceTree = "<group>"; };
		3F95B9B42B98B4D90004B9C1 /* Info.plist */ = {isa = PBXFileReference; lastKnownFileType = text.plist.xml; path = Info.plist; sourceTree = "<group>"; };
		3F95B9B92B98B4D90004B9C1 /* MoviesTests.xctest */ = {isa = PBXFileReference; explicitFileType = wrapper.cfbundle; includeInIndex = 0; path = MoviesTests.xctest; sourceTree = BUILT_PRODUCTS_DIR; };
		3F95B9C32B98B4D90004B9C1 /* MoviesUITests.xctest */ = {isa = PBXFileReference; explicitFileType = wrapper.cfbundle; includeInIndex = 0; path = MoviesUITests.xctest; sourceTree = BUILT_PRODUCTS_DIR; };
		3F95B9C72B98B4D90004B9C1 /* MoviesUITests.swift */ = {isa = PBXFileReference; lastKnownFileType = sourcecode.swift; path = MoviesUITests.swift; sourceTree = "<group>"; };
		3F95B9C92B98B4D90004B9C1 /* MoviesUITestsLaunchTests.swift */ = {isa = PBXFileReference; lastKnownFileType = sourcecode.swift; path = MoviesUITestsLaunchTests.swift; sourceTree = "<group>"; };
		3F95B9D62B98B6AE0004B9C1 /* MoviesListViewController.swift */ = {isa = PBXFileReference; lastKnownFileType = sourcecode.swift; path = MoviesListViewController.swift; sourceTree = "<group>"; };
		3F95B9D72B98B6AE0004B9C1 /* MoviesListViewController.xib */ = {isa = PBXFileReference; lastKnownFileType = file.xib; path = MoviesListViewController.xib; sourceTree = "<group>"; };
		3F95B9DF2B98C94D0004B9C1 /* MoviesRepository.swift */ = {isa = PBXFileReference; lastKnownFileType = sourcecode.swift; path = MoviesRepository.swift; sourceTree = "<group>"; };
		3FA41D772B99B86B00236256 /* MoviesApi.swift */ = {isa = PBXFileReference; lastKnownFileType = sourcecode.swift; path = MoviesApi.swift; sourceTree = "<group>"; };
		3FA41D7A2B99BA7A00236256 /* String+Extension.swift */ = {isa = PBXFileReference; lastKnownFileType = sourcecode.swift; path = "String+Extension.swift"; sourceTree = "<group>"; };
		3FA41D7E2B99C96100236256 /* MoviesRemoteDataSource.swift */ = {isa = PBXFileReference; lastKnownFileType = sourcecode.swift; path = MoviesRemoteDataSource.swift; sourceTree = "<group>"; };
		3FA41D832B99CB1600236256 /* MoviesDataRepository.swift */ = {isa = PBXFileReference; lastKnownFileType = sourcecode.swift; path = MoviesDataRepository.swift; sourceTree = "<group>"; };
		3FA41D852B99CBDC00236256 /* MoviesDataSource.swift */ = {isa = PBXFileReference; lastKnownFileType = sourcecode.swift; path = MoviesDataSource.swift; sourceTree = "<group>"; };
		3FA41D872B99CE8C00236256 /* MoviesResponseRemoteEntity.swift */ = {isa = PBXFileReference; lastKnownFileType = sourcecode.swift; path = MoviesResponseRemoteEntity.swift; sourceTree = "<group>"; };
		3FA41D892B99D1AE00236256 /* RequestPublisher.swift */ = {isa = PBXFileReference; lastKnownFileType = sourcecode.swift; path = RequestPublisher.swift; sourceTree = "<group>"; };
		3FA41D8B2B99F07000236256 /* MoviesRemoteEntity.swift */ = {isa = PBXFileReference; lastKnownFileType = sourcecode.swift; path = MoviesRemoteEntity.swift; sourceTree = "<group>"; };
		3FA41D8E2B99F09B00236256 /* Movie.swift */ = {isa = PBXFileReference; lastKnownFileType = sourcecode.swift; path = Movie.swift; sourceTree = "<group>"; };
		3FA41D902B9A13F300236256 /* GetTrendingMoviesUseCase.swift */ = {isa = PBXFileReference; lastKnownFileType = sourcecode.swift; path = GetTrendingMoviesUseCase.swift; sourceTree = "<group>"; };
		3FA41D932B9B0D1D00236256 /* MoviesListPresenter.swift */ = {isa = PBXFileReference; lastKnownFileType = sourcecode.swift; path = MoviesListPresenter.swift; sourceTree = "<group>"; };
		3FA41D952B9B0F1D00236256 /* MoviesListAssembler.swift */ = {isa = PBXFileReference; lastKnownFileType = sourcecode.swift; path = MoviesListAssembler.swift; sourceTree = "<group>"; };
		3FA41D982B9B13CF00236256 /* UI.swift */ = {isa = PBXFileReference; lastKnownFileType = sourcecode.swift; path = UI.swift; sourceTree = "<group>"; };
		3FB848082B9FB4C7002D19FA /* DataController.swift */ = {isa = PBXFileReference; lastKnownFileType = sourcecode.swift; path = DataController.swift; sourceTree = "<group>"; };
		3FB8480B2B9FB5D4002D19FA /* Movies.xcdatamodel */ = {isa = PBXFileReference; lastKnownFileType = wrapper.xcdatamodel; path = Movies.xcdatamodel; sourceTree = "<group>"; };
		3FB848132BA05256002D19FA /* MovieLocalEntity+CoreDataProperties.swift */ = {isa = PBXFileReference; fileEncoding = 4; lastKnownFileType = sourcecode.swift; path = "MovieLocalEntity+CoreDataProperties.swift"; sourceTree = "<group>"; };
		3FB848152BA05273002D19FA /* MovieLocalEntity+CoreDataClass.swift */ = {isa = PBXFileReference; fileEncoding = 4; lastKnownFileType = sourcecode.swift; path = "MovieLocalEntity+CoreDataClass.swift"; sourceTree = "<group>"; };
		3FB848172BA055A2002D19FA /* MoviesLocalDataSource.swift */ = {isa = PBXFileReference; lastKnownFileType = sourcecode.swift; path = MoviesLocalDataSource.swift; sourceTree = "<group>"; };
		3FB848192BA06FB5002D19FA /* GetFavoriteMoviesUseCase.swift */ = {isa = PBXFileReference; lastKnownFileType = sourcecode.swift; path = GetFavoriteMoviesUseCase.swift; sourceTree = "<group>"; };
		3FB8481B2BA06FE0002D19FA /* SaveFavoriteMovieUseCase.swift */ = {isa = PBXFileReference; lastKnownFileType = sourcecode.swift; path = SaveFavoriteMovieUseCase.swift; sourceTree = "<group>"; };
		3FB8481D2BA0708A002D19FA /* DeleteFavoriteMovieUseCase.swift */ = {isa = PBXFileReference; lastKnownFileType = sourcecode.swift; path = DeleteFavoriteMovieUseCase.swift; sourceTree = "<group>"; };
		3FB8481F2BA0784F002D19FA /* GetTrendingMoviesWithFavoriteStatusUseCase.swift */ = {isa = PBXFileReference; lastKnownFileType = sourcecode.swift; path = GetTrendingMoviesWithFavoriteStatusUseCase.swift; sourceTree = "<group>"; };
		3FB848242BA1A3E9002D19FA /* AppRouter.swift */ = {isa = PBXFileReference; lastKnownFileType = sourcecode.swift; path = AppRouter.swift; sourceTree = "<group>"; };
		3FB848262BA1AE80002D19FA /* RoutableViewController.swift */ = {isa = PBXFileReference; lastKnownFileType = sourcecode.swift; path = RoutableViewController.swift; sourceTree = "<group>"; };
		3FB848282BA1AE99002D19FA /* BaseViewController.swift */ = {isa = PBXFileReference; lastKnownFileType = sourcecode.swift; path = BaseViewController.swift; sourceTree = "<group>"; };
		3FB8482B2BA1BF45002D19FA /* MovieDetailViewController.swift */ = {isa = PBXFileReference; lastKnownFileType = sourcecode.swift; path = MovieDetailViewController.swift; sourceTree = "<group>"; };
		3FB8482C2BA1BF45002D19FA /* MovieDetailViewController.xib */ = {isa = PBXFileReference; lastKnownFileType = file.xib; path = MovieDetailViewController.xib; sourceTree = "<group>"; };
		3FB8482F2BA1CA6E002D19FA /* MovieDetailPresenter.swift */ = {isa = PBXFileReference; lastKnownFileType = sourcecode.swift; path = MovieDetailPresenter.swift; sourceTree = "<group>"; };
		3FB848312BA1CF7F002D19FA /* MovieDetailAssembler.swift */ = {isa = PBXFileReference; lastKnownFileType = sourcecode.swift; path = MovieDetailAssembler.swift; sourceTree = "<group>"; };
		3FB848352BA1FC0D002D19FA /* FavoritesAssembler.swift */ = {isa = PBXFileReference; lastKnownFileType = sourcecode.swift; path = FavoritesAssembler.swift; sourceTree = "<group>"; };
		3FB848372BA34C29002D19FA /* GetTrendingMoviesWithFavoriteStatusUseCaseTests.swift */ = {isa = PBXFileReference; lastKnownFileType = sourcecode.swift; path = GetTrendingMoviesWithFavoriteStatusUseCaseTests.swift; sourceTree = "<group>"; };
		3FB848392BA45D7A002D19FA /* AppendApiKeyTests.swift */ = {isa = PBXFileReference; lastKnownFileType = sourcecode.swift; path = AppendApiKeyTests.swift; sourceTree = "<group>"; };
		3FC13F5D2B9B1B87004659BF /* MoviesListAdapter.swift */ = {isa = PBXFileReference; lastKnownFileType = sourcecode.swift; path = MoviesListAdapter.swift; sourceTree = "<group>"; };
		3FC13F602B9B1C27004659BF /* MoviesListCollectionViewCell.swift */ = {isa = PBXFileReference; lastKnownFileType = sourcecode.swift; path = MoviesListCollectionViewCell.swift; sourceTree = "<group>"; };
		3FC13F612B9B1C27004659BF /* MoviesListCollectionViewCell.xib */ = {isa = PBXFileReference; lastKnownFileType = file.xib; path = MoviesListCollectionViewCell.xib; sourceTree = "<group>"; };
		3FC13F652B9B215E004659BF /* ImageManager.swift */ = {isa = PBXFileReference; lastKnownFileType = sourcecode.swift; path = ImageManager.swift; sourceTree = "<group>"; };
		3FC13F672B9B3A67004659BF /* ImagesConstants.swift */ = {isa = PBXFileReference; lastKnownFileType = sourcecode.swift; path = ImagesConstants.swift; sourceTree = "<group>"; };
		3FC13F692B9B3F6A004659BF /* CollectionViewCell.swift */ = {isa = PBXFileReference; lastKnownFileType = sourcecode.swift; path = CollectionViewCell.swift; sourceTree = "<group>"; };
		3FC13F6B2B9B4B83004659BF /* ApiDetails.swift */ = {isa = PBXFileReference; lastKnownFileType = sourcecode.swift; path = ApiDetails.swift; sourceTree = "<group>"; };
		3FC13F6F2B9B5FB6004659BF /* MoviesRepositoryMock.swift */ = {isa = PBXFileReference; lastKnownFileType = sourcecode.swift; path = MoviesRepositoryMock.swift; sourceTree = "<group>"; };
		3FC13F722B9F17D4004659BF /* MoviesListUIMock.swift */ = {isa = PBXFileReference; lastKnownFileType = sourcecode.swift; path = MoviesListUIMock.swift; sourceTree = "<group>"; };
		3FC13F762B9F2D5F004659BF /* MoviesListPresenterTests.swift */ = {isa = PBXFileReference; lastKnownFileType = sourcecode.swift; path = MoviesListPresenterTests.swift; sourceTree = "<group>"; };
		3FC13FB42B9F503A004659BF /* OverlayUIView.swift */ = {isa = PBXFileReference; lastKnownFileType = sourcecode.swift; path = OverlayUIView.swift; sourceTree = "<group>"; };
		3FC13FB62B9F5052004659BF /* OverlayUIView.xib */ = {isa = PBXFileReference; lastKnownFileType = file.xib; path = OverlayUIView.xib; sourceTree = "<group>"; };
		3FC13FB92B9F77CC004659BF /* ViewController.swift */ = {isa = PBXFileReference; lastKnownFileType = sourcecode.swift; path = ViewController.swift; sourceTree = "<group>"; };
		3FC13FBB2B9F7D3B004659BF /* MovieEntityMock.swift */ = {isa = PBXFileReference; lastKnownFileType = sourcecode.swift; path = MovieEntityMock.swift; sourceTree = "<group>"; };
		3FC13FBD2B9F8239004659BF /* GetTrendingMoviesUseCaseTests.swift */ = {isa = PBXFileReference; lastKnownFileType = sourcecode.swift; path = GetTrendingMoviesUseCaseTests.swift; sourceTree = "<group>"; };
		3FC13FBF2B9F87EE004659BF /* MovieMapperTest.swift */ = {isa = PBXFileReference; lastKnownFileType = sourcecode.swift; path = MovieMapperTest.swift; sourceTree = "<group>"; };
		3FC13FC12B9F891B004659BF /* MovieRemoteEntityMock.swift */ = {isa = PBXFileReference; lastKnownFileType = sourcecode.swift; path = MovieRemoteEntityMock.swift; sourceTree = "<group>"; };
/* End PBXFileReference section */

/* Begin PBXFrameworksBuildPhase section */
		3F95B9A02B98B4D70004B9C1 /* Frameworks */ = {
			isa = PBXFrameworksBuildPhase;
			buildActionMask = 2147483647;
			files = (
			);
			runOnlyForDeploymentPostprocessing = 0;
		};
		3F95B9B62B98B4D90004B9C1 /* Frameworks */ = {
			isa = PBXFrameworksBuildPhase;
			buildActionMask = 2147483647;
			files = (
			);
			runOnlyForDeploymentPostprocessing = 0;
		};
		3F95B9C02B98B4D90004B9C1 /* Frameworks */ = {
			isa = PBXFrameworksBuildPhase;
			buildActionMask = 2147483647;
			files = (
			);
			runOnlyForDeploymentPostprocessing = 0;
		};
/* End PBXFrameworksBuildPhase section */

/* Begin PBXGroup section */
		3F95B99A2B98B4D70004B9C1 = {
			isa = PBXGroup;
			children = (
				3F95B9A52B98B4D70004B9C1 /* Movies */,
				3F95B9BC2B98B4D90004B9C1 /* MoviesTests */,
				3F95B9C62B98B4D90004B9C1 /* MoviesUITests */,
				3F95B9A42B98B4D70004B9C1 /* Products */,
			);
			sourceTree = "<group>";
		};
		3F95B9A42B98B4D70004B9C1 /* Products */ = {
			isa = PBXGroup;
			children = (
				3F95B9A32B98B4D70004B9C1 /* Movies.app */,
				3F95B9B92B98B4D90004B9C1 /* MoviesTests.xctest */,
				3F95B9C32B98B4D90004B9C1 /* MoviesUITests.xctest */,
			);
			name = Products;
			sourceTree = "<group>";
		};
		3F95B9A52B98B4D70004B9C1 /* Movies */ = {
			isa = PBXGroup;
			children = (
				3F95B9DC2B98C7C80004B9C1 /* Data */,
				3F95B9DB2B98C7BF0004B9C1 /* Domain */,
				3F95B9DA2B98C7B20004B9C1 /* View */,
				3F95B9A62B98B4D70004B9C1 /* AppDelegate.swift */,
				3F95B9AF2B98B4D90004B9C1 /* Assets.xcassets */,
				3F95B9B42B98B4D90004B9C1 /* Info.plist */,
			);
			path = Movies;
			sourceTree = "<group>";
		};
		3F95B9BC2B98B4D90004B9C1 /* MoviesTests */ = {
			isa = PBXGroup;
			children = (
				3FC13F762B9F2D5F004659BF /* MoviesListPresenterTests.swift */,
				3FC13F6D2B9B5F94004659BF /* Data */,
				3FB848392BA45D7A002D19FA /* AppendApiKeyTests.swift */,
			);
			path = MoviesTests;
			sourceTree = "<group>";
		};
		3F95B9C62B98B4D90004B9C1 /* MoviesUITests */ = {
			isa = PBXGroup;
			children = (
				3F95B9C72B98B4D90004B9C1 /* MoviesUITests.swift */,
				3F95B9C92B98B4D90004B9C1 /* MoviesUITestsLaunchTests.swift */,
			);
			path = MoviesUITests;
			sourceTree = "<group>";
		};
		3F95B9DA2B98C7B20004B9C1 /* View */ = {
			isa = PBXGroup;
			children = (
				3FB848212BA1A3A3002D19FA /* AppRouter */,
				3FC13F5F2B9B1BFF004659BF /* MoviesList */,
				3FB8482A2BA1BE02002D19FA /* MovieDetail */,
				3FA41D972B9B13AB00236256 /* Commons */,
			);
			path = View;
			sourceTree = "<group>";
		};
		3F95B9DB2B98C7BF0004B9C1 /* Domain */ = {
			isa = PBXGroup;
			children = (
				3F95B9DD2B98C9080004B9C1 /* Movie */,
			);
			path = Domain;
			sourceTree = "<group>";
		};
		3F95B9DC2B98C7C80004B9C1 /* Data */ = {
			isa = PBXGroup;
			children = (
				3FA41D792B99BA6200236256 /* Commons */,
				3FA41D762B99B85100236256 /* Movies */,
			);
			path = Data;
			sourceTree = "<group>";
		};
		3F95B9DD2B98C9080004B9C1 /* Movie */ = {
			isa = PBXGroup;
			children = (
				3FA41D8D2B99F08600236256 /* Model */,
				3F95B9DE2B98C92D0004B9C1 /* UseCase */,
				3F95B9DF2B98C94D0004B9C1 /* MoviesRepository.swift */,
			);
			path = Movie;
			sourceTree = "<group>";
		};
		3F95B9DE2B98C92D0004B9C1 /* UseCase */ = {
			isa = PBXGroup;
			children = (
				3FA41D902B9A13F300236256 /* GetTrendingMoviesUseCase.swift */,
				3FB848192BA06FB5002D19FA /* GetFavoriteMoviesUseCase.swift */,
				3FB8481B2BA06FE0002D19FA /* SaveFavoriteMovieUseCase.swift */,
				3FB8481D2BA0708A002D19FA /* DeleteFavoriteMovieUseCase.swift */,
				3FB8481F2BA0784F002D19FA /* GetTrendingMoviesWithFavoriteStatusUseCase.swift */,
			);
			path = UseCase;
			sourceTree = "<group>";
		};
		3FA41D762B99B85100236256 /* Movies */ = {
			isa = PBXGroup;
			children = (
				3FA41D812B99C9AE00236256 /* DataSources */,
				3FA41D832B99CB1600236256 /* MoviesDataRepository.swift */,
			);
			path = Movies;
			sourceTree = "<group>";
		};
		3FA41D792B99BA6200236256 /* Commons */ = {
			isa = PBXGroup;
			children = (
				3FB848072B9FB4B3002D19FA /* CoreData */,
				3FA41D7A2B99BA7A00236256 /* String+Extension.swift */,
				3FA41D892B99D1AE00236256 /* RequestPublisher.swift */,
				3FC13F6B2B9B4B83004659BF /* ApiDetails.swift */,
			);
			path = Commons;
			sourceTree = "<group>";
		};
		3FA41D802B99C9A300236256 /* Model */ = {
			isa = PBXGroup;
			children = (
				3FA41D8B2B99F07000236256 /* MoviesRemoteEntity.swift */,
				3FA41D872B99CE8C00236256 /* MoviesResponseRemoteEntity.swift */,
			);
			path = Model;
			sourceTree = "<group>";
		};
		3FA41D812B99C9AE00236256 /* DataSources */ = {
			isa = PBXGroup;
			children = (
				3FB848112BA051F0002D19FA /* Local */,
				3FA41D852B99CBDC00236256 /* MoviesDataSource.swift */,
				3FA41D772B99B86B00236256 /* MoviesApi.swift */,
				3FA41D822B99C9B700236256 /* Remote */,
			);
			path = DataSources;
			sourceTree = "<group>";
		};
		3FA41D822B99C9B700236256 /* Remote */ = {
			isa = PBXGroup;
			children = (
				3FA41D802B99C9A300236256 /* Model */,
				3FA41D7E2B99C96100236256 /* MoviesRemoteDataSource.swift */,
			);
			path = Remote;
			sourceTree = "<group>";
		};
		3FA41D8D2B99F08600236256 /* Model */ = {
			isa = PBXGroup;
			children = (
				3FA41D8E2B99F09B00236256 /* Movie.swift */,
			);
			path = Model;
			sourceTree = "<group>";
		};
		3FA41D972B9B13AB00236256 /* Commons */ = {
			isa = PBXGroup;
			children = (
				3FC13FB82B9F7418004659BF /* OverlayUIView */,
				3FC13F652B9B215E004659BF /* ImageManager.swift */,
				3FA41D982B9B13CF00236256 /* UI.swift */,
				3FC13F672B9B3A67004659BF /* ImagesConstants.swift */,
				3FC13F692B9B3F6A004659BF /* CollectionViewCell.swift */,
				3FC13FB92B9F77CC004659BF /* ViewController.swift */,
				3FB848282BA1AE99002D19FA /* BaseViewController.swift */,
				3FB848352BA1FC0D002D19FA /* FavoritesAssembler.swift */,
			);
			path = Commons;
			sourceTree = "<group>";
		};
		3FB848072B9FB4B3002D19FA /* CoreData */ = {
			isa = PBXGroup;
			children = (
				3FB848082B9FB4C7002D19FA /* DataController.swift */,
				3FB8480A2B9FB5D4002D19FA /* Movies.xcdatamodeld */,
			);
			path = CoreData;
			sourceTree = "<group>";
		};
		3FB848112BA051F0002D19FA /* Local */ = {
			isa = PBXGroup;
			children = (
				3FB848172BA055A2002D19FA /* MoviesLocalDataSource.swift */,
				3FB848122BA051F7002D19FA /* Model */,
			);
			path = Local;
			sourceTree = "<group>";
		};
		3FB848122BA051F7002D19FA /* Model */ = {
			isa = PBXGroup;
			children = (
				3FB848152BA05273002D19FA /* MovieLocalEntity+CoreDataClass.swift */,
				3FB848132BA05256002D19FA /* MovieLocalEntity+CoreDataProperties.swift */,
			);
			path = Model;
			sourceTree = "<group>";
		};
		3FB848212BA1A3A3002D19FA /* AppRouter */ = {
			isa = PBXGroup;
			children = (
				3FB848242BA1A3E9002D19FA /* AppRouter.swift */,
				3FB848262BA1AE80002D19FA /* RoutableViewController.swift */,
			);
			path = AppRouter;
			sourceTree = "<group>";
		};
		3FB8482A2BA1BE02002D19FA /* MovieDetail */ = {
			isa = PBXGroup;
			children = (
				3FB8482B2BA1BF45002D19FA /* MovieDetailViewController.swift */,
				3FB8482C2BA1BF45002D19FA /* MovieDetailViewController.xib */,
				3FB8482F2BA1CA6E002D19FA /* MovieDetailPresenter.swift */,
				3FB848312BA1CF7F002D19FA /* MovieDetailAssembler.swift */,
			);
			path = MovieDetail;
			sourceTree = "<group>";
		};
		3FC13F5F2B9B1BFF004659BF /* MoviesList */ = {
			isa = PBXGroup;
			children = (
				3F95B9D62B98B6AE0004B9C1 /* MoviesListViewController.swift */,
				3F95B9D72B98B6AE0004B9C1 /* MoviesListViewController.xib */,
				3FA41D932B9B0D1D00236256 /* MoviesListPresenter.swift */,
				3FA41D952B9B0F1D00236256 /* MoviesListAssembler.swift */,
				3FC13F5D2B9B1B87004659BF /* MoviesListAdapter.swift */,
				3FC13F602B9B1C27004659BF /* MoviesListCollectionViewCell.swift */,
				3FC13F612B9B1C27004659BF /* MoviesListCollectionViewCell.xib */,
			);
			path = MoviesList;
			sourceTree = "<group>";
		};
		3FC13F6D2B9B5F94004659BF /* Data */ = {
			isa = PBXGroup;
			children = (
				3FC13FBD2B9F8239004659BF /* GetTrendingMoviesUseCaseTests.swift */,
				3FB848372BA34C29002D19FA /* GetTrendingMoviesWithFavoriteStatusUseCaseTests.swift */,
				3FC13FBF2B9F87EE004659BF /* MovieMapperTest.swift */,
				3FC13F6E2B9B5FA4004659BF /* Mocks */,
			);
			path = Data;
			sourceTree = "<group>";
		};
		3FC13F6E2B9B5FA4004659BF /* Mocks */ = {
			isa = PBXGroup;
			children = (
				3FC13F6F2B9B5FB6004659BF /* MoviesRepositoryMock.swift */,
				3FC13F722B9F17D4004659BF /* MoviesListUIMock.swift */,
				3FC13FBB2B9F7D3B004659BF /* MovieEntityMock.swift */,
				3FC13FC12B9F891B004659BF /* MovieRemoteEntityMock.swift */,
			);
			path = Mocks;
			sourceTree = "<group>";
		};
		3FC13FB82B9F7418004659BF /* OverlayUIView */ = {
			isa = PBXGroup;
			children = (
				3FC13FB42B9F503A004659BF /* OverlayUIView.swift */,
				3FC13FB62B9F5052004659BF /* OverlayUIView.xib */,
			);
			path = OverlayUIView;
			sourceTree = "<group>";
		};
/* End PBXGroup section */

/* Begin PBXNativeTarget section */
		3F95B9A22B98B4D70004B9C1 /* Movies */ = {
			isa = PBXNativeTarget;
			buildConfigurationList = 3F95B9CD2B98B4D90004B9C1 /* Build configuration list for PBXNativeTarget "Movies" */;
			buildPhases = (
				3F95B99F2B98B4D70004B9C1 /* Sources */,
				3F95B9A02B98B4D70004B9C1 /* Frameworks */,
				3F95B9A12B98B4D70004B9C1 /* Resources */,
			);
			buildRules = (
			);
			dependencies = (
			);
			name = Movies;
			productName = Movies;
			productReference = 3F95B9A32B98B4D70004B9C1 /* Movies.app */;
			productType = "com.apple.product-type.application";
		};
		3F95B9B82B98B4D90004B9C1 /* MoviesTests */ = {
			isa = PBXNativeTarget;
			buildConfigurationList = 3F95B9D02B98B4D90004B9C1 /* Build configuration list for PBXNativeTarget "MoviesTests" */;
			buildPhases = (
				3F95B9B52B98B4D90004B9C1 /* Sources */,
				3F95B9B62B98B4D90004B9C1 /* Frameworks */,
				3F95B9B72B98B4D90004B9C1 /* Resources */,
			);
			buildRules = (
			);
			dependencies = (
				3F95B9BB2B98B4D90004B9C1 /* PBXTargetDependency */,
			);
			name = MoviesTests;
			productName = MoviesTests;
			productReference = 3F95B9B92B98B4D90004B9C1 /* MoviesTests.xctest */;
			productType = "com.apple.product-type.bundle.unit-test";
		};
		3F95B9C22B98B4D90004B9C1 /* MoviesUITests */ = {
			isa = PBXNativeTarget;
			buildConfigurationList = 3F95B9D32B98B4D90004B9C1 /* Build configuration list for PBXNativeTarget "MoviesUITests" */;
			buildPhases = (
				3F95B9BF2B98B4D90004B9C1 /* Sources */,
				3F95B9C02B98B4D90004B9C1 /* Frameworks */,
				3F95B9C12B98B4D90004B9C1 /* Resources */,
			);
			buildRules = (
			);
			dependencies = (
				3F95B9C52B98B4D90004B9C1 /* PBXTargetDependency */,
			);
			name = MoviesUITests;
			productName = MoviesUITests;
			productReference = 3F95B9C32B98B4D90004B9C1 /* MoviesUITests.xctest */;
			productType = "com.apple.product-type.bundle.ui-testing";
		};
/* End PBXNativeTarget section */

/* Begin PBXProject section */
		3F95B99B2B98B4D70004B9C1 /* Project object */ = {
			isa = PBXProject;
			attributes = {
				BuildIndependentTargetsInParallel = 1;
				LastSwiftUpdateCheck = 1500;
				LastUpgradeCheck = 1500;
				TargetAttributes = {
					3F95B9A22B98B4D70004B9C1 = {
						CreatedOnToolsVersion = 15.0.1;
					};
					3F95B9B82B98B4D90004B9C1 = {
						CreatedOnToolsVersion = 15.0.1;
						TestTargetID = 3F95B9A22B98B4D70004B9C1;
					};
					3F95B9C22B98B4D90004B9C1 = {
						CreatedOnToolsVersion = 15.0.1;
						TestTargetID = 3F95B9A22B98B4D70004B9C1;
					};
				};
			};
			buildConfigurationList = 3F95B99E2B98B4D70004B9C1 /* Build configuration list for PBXProject "Movies" */;
			compatibilityVersion = "Xcode 14.0";
			developmentRegion = en;
			hasScannedForEncodings = 0;
			knownRegions = (
				en,
				Base,
			);
			mainGroup = 3F95B99A2B98B4D70004B9C1;
			productRefGroup = 3F95B9A42B98B4D70004B9C1 /* Products */;
			projectDirPath = "";
			projectRoot = "";
			targets = (
				3F95B9A22B98B4D70004B9C1 /* Movies */,
				3F95B9B82B98B4D90004B9C1 /* MoviesTests */,
				3F95B9C22B98B4D90004B9C1 /* MoviesUITests */,
			);
		};
/* End PBXProject section */

/* Begin PBXResourcesBuildPhase section */
		3F95B9A12B98B4D70004B9C1 /* Resources */ = {
			isa = PBXResourcesBuildPhase;
			buildActionMask = 2147483647;
			files = (
				3FB8482E2BA1BF45002D19FA /* MovieDetailViewController.xib in Resources */,
				3FC13FB72B9F5052004659BF /* OverlayUIView.xib in Resources */,
				3F95B9B02B98B4D90004B9C1 /* Assets.xcassets in Resources */,
				3F95B9D92B98B6AE0004B9C1 /* MoviesListViewController.xib in Resources */,
				3FC13F632B9B1C27004659BF /* MoviesListCollectionViewCell.xib in Resources */,
			);
			runOnlyForDeploymentPostprocessing = 0;
		};
		3F95B9B72B98B4D90004B9C1 /* Resources */ = {
			isa = PBXResourcesBuildPhase;
			buildActionMask = 2147483647;
			files = (
			);
			runOnlyForDeploymentPostprocessing = 0;
		};
		3F95B9C12B98B4D90004B9C1 /* Resources */ = {
			isa = PBXResourcesBuildPhase;
			buildActionMask = 2147483647;
			files = (
			);
			runOnlyForDeploymentPostprocessing = 0;
		};
/* End PBXResourcesBuildPhase section */

/* Begin PBXSourcesBuildPhase section */
		3F95B99F2B98B4D70004B9C1 /* Sources */ = {
			isa = PBXSourcesBuildPhase;
			buildActionMask = 2147483647;
			files = (
				3FA41D8F2B99F09B00236256 /* Movie.swift in Sources */,
				3F95B9A72B98B4D70004B9C1 /* AppDelegate.swift in Sources */,
				3FC13F662B9B215E004659BF /* ImageManager.swift in Sources */,
				3FB848142BA05256002D19FA /* MovieLocalEntity+CoreDataProperties.swift in Sources */,
				3FC13F5E2B9B1B87004659BF /* MoviesListAdapter.swift in Sources */,
				3FA41D992B9B13CF00236256 /* UI.swift in Sources */,
				3FB848302BA1CA6F002D19FA /* MovieDetailPresenter.swift in Sources */,
				3FA41D962B9B0F1D00236256 /* MoviesListAssembler.swift in Sources */,
				3FC13FBA2B9F77CC004659BF /* ViewController.swift in Sources */,
				3FA41D842B99CB1600236256 /* MoviesDataRepository.swift in Sources */,
				3FA41D7F2B99C96100236256 /* MoviesRemoteDataSource.swift in Sources */,
				3FA41D912B9A13F300236256 /* GetTrendingMoviesUseCase.swift in Sources */,
				3FB848092B9FB4C7002D19FA /* DataController.swift in Sources */,
				3FB8482D2BA1BF45002D19FA /* MovieDetailViewController.swift in Sources */,
				3FA41D8A2B99D1AE00236256 /* RequestPublisher.swift in Sources */,
				3FB848292BA1AE99002D19FA /* BaseViewController.swift in Sources */,
				3FB8481A2BA06FB5002D19FA /* GetFavoriteMoviesUseCase.swift in Sources */,
				3FB8481E2BA0708A002D19FA /* DeleteFavoriteMovieUseCase.swift in Sources */,
				3FB848362BA1FC0D002D19FA /* FavoritesAssembler.swift in Sources */,
				3FB848322BA1CF7F002D19FA /* MovieDetailAssembler.swift in Sources */,
				3FB848202BA0784F002D19FA /* GetTrendingMoviesWithFavoriteStatusUseCase.swift in Sources */,
				3FB8480C2B9FB5D4002D19FA /* Movies.xcdatamodeld in Sources */,
				3FA41D7B2B99BA7A00236256 /* String+Extension.swift in Sources */,
				3FA41D942B9B0D1D00236256 /* MoviesListPresenter.swift in Sources */,
				3FC13F6C2B9B4B83004659BF /* ApiDetails.swift in Sources */,
				3FB848272BA1AE80002D19FA /* RoutableViewController.swift in Sources */,
				3FB8481C2BA06FE0002D19FA /* SaveFavoriteMovieUseCase.swift in Sources */,
				3FA41D862B99CBDC00236256 /* MoviesDataSource.swift in Sources */,
				3FA41D782B99B86B00236256 /* MoviesApi.swift in Sources */,
				3F95B9D82B98B6AE0004B9C1 /* MoviesListViewController.swift in Sources */,
				3FB848162BA05273002D19FA /* MovieLocalEntity+CoreDataClass.swift in Sources */,
				3FC13F682B9B3A67004659BF /* ImagesConstants.swift in Sources */,
				3FA41D882B99CE8C00236256 /* MoviesResponseRemoteEntity.swift in Sources */,
				3FC13F6A2B9B3F6A004659BF /* CollectionViewCell.swift in Sources */,
				3FC13F622B9B1C27004659BF /* MoviesListCollectionViewCell.swift in Sources */,
				3FB848182BA055A2002D19FA /* MoviesLocalDataSource.swift in Sources */,
				3FA41D8C2B99F07000236256 /* MoviesRemoteEntity.swift in Sources */,
				3F95B9E02B98C94D0004B9C1 /* MoviesRepository.swift in Sources */,
				3FB848252BA1A3E9002D19FA /* AppRouter.swift in Sources */,
				3FC13FB52B9F503A004659BF /* OverlayUIView.swift in Sources */,
			);
			runOnlyForDeploymentPostprocessing = 0;
		};
		3F95B9B52B98B4D90004B9C1 /* Sources */ = {
			isa = PBXSourcesBuildPhase;
			buildActionMask = 2147483647;
			files = (
				3FC13FBE2B9F8239004659BF /* GetTrendingMoviesUseCaseTests.swift in Sources */,
				3FC13FC22B9F891B004659BF /* MovieRemoteEntityMock.swift in Sources */,
				3FC13F742B9F2219004659BF /* ApiDetails.swift in Sources */,
				3FC13F732B9F17D4004659BF /* MoviesListUIMock.swift in Sources */,
				3FB848382BA34C29002D19FA /* GetTrendingMoviesWithFavoriteStatusUseCaseTests.swift in Sources */,
				3FC13FC02B9F87EE004659BF /* MovieMapperTest.swift in Sources */,
				3FC13F702B9B5FB6004659BF /* MoviesRepositoryMock.swift in Sources */,
				3FC13F712B9B6002004659BF /* RequestPublisher.swift in Sources */,
				3FB8483A2BA45D7A002D19FA /* AppendApiKeyTests.swift in Sources */,
				3FC13FBC2B9F7D3B004659BF /* MovieEntityMock.swift in Sources */,
				3FC13F752B9F2248004659BF /* String+Extension.swift in Sources */,
				3FC13F772B9F2D60004659BF /* MoviesListPresenterTests.swift in Sources */,
			);
			runOnlyForDeploymentPostprocessing = 0;
		};
		3F95B9BF2B98B4D90004B9C1 /* Sources */ = {
			isa = PBXSourcesBuildPhase;
			buildActionMask = 2147483647;
			files = (
				3F95B9C82B98B4D90004B9C1 /* MoviesUITests.swift in Sources */,
				3F95B9CA2B98B4D90004B9C1 /* MoviesUITestsLaunchTests.swift in Sources */,
			);
			runOnlyForDeploymentPostprocessing = 0;
		};
/* End PBXSourcesBuildPhase section */

/* Begin PBXTargetDependency section */
		3F95B9BB2B98B4D90004B9C1 /* PBXTargetDependency */ = {
			isa = PBXTargetDependency;
			target = 3F95B9A22B98B4D70004B9C1 /* Movies */;
			targetProxy = 3F95B9BA2B98B4D90004B9C1 /* PBXContainerItemProxy */;
		};
		3F95B9C52B98B4D90004B9C1 /* PBXTargetDependency */ = {
			isa = PBXTargetDependency;
			target = 3F95B9A22B98B4D70004B9C1 /* Movies */;
			targetProxy = 3F95B9C42B98B4D90004B9C1 /* PBXContainerItemProxy */;
		};
/* End PBXTargetDependency section */

/* Begin XCBuildConfiguration section */
		3F95B9CB2B98B4D90004B9C1 /* Debug */ = {
			isa = XCBuildConfiguration;
			buildSettings = {
				ALWAYS_SEARCH_USER_PATHS = NO;
				ASSETCATALOG_COMPILER_GENERATE_SWIFT_ASSET_SYMBOL_EXTENSIONS = YES;
				CLANG_ANALYZER_NONNULL = YES;
				CLANG_ANALYZER_NUMBER_OBJECT_CONVERSION = YES_AGGRESSIVE;
				CLANG_CXX_LANGUAGE_STANDARD = "gnu++20";
				CLANG_ENABLE_MODULES = YES;
				CLANG_ENABLE_OBJC_ARC = YES;
				CLANG_ENABLE_OBJC_WEAK = YES;
				CLANG_WARN_BLOCK_CAPTURE_AUTORELEASING = YES;
				CLANG_WARN_BOOL_CONVERSION = YES;
				CLANG_WARN_COMMA = YES;
				CLANG_WARN_CONSTANT_CONVERSION = YES;
				CLANG_WARN_DEPRECATED_OBJC_IMPLEMENTATIONS = YES;
				CLANG_WARN_DIRECT_OBJC_ISA_USAGE = YES_ERROR;
				CLANG_WARN_DOCUMENTATION_COMMENTS = YES;
				CLANG_WARN_EMPTY_BODY = YES;
				CLANG_WARN_ENUM_CONVERSION = YES;
				CLANG_WARN_INFINITE_RECURSION = YES;
				CLANG_WARN_INT_CONVERSION = YES;
				CLANG_WARN_NON_LITERAL_NULL_CONVERSION = YES;
				CLANG_WARN_OBJC_IMPLICIT_RETAIN_SELF = YES;
				CLANG_WARN_OBJC_LITERAL_CONVERSION = YES;
				CLANG_WARN_OBJC_ROOT_CLASS = YES_ERROR;
				CLANG_WARN_QUOTED_INCLUDE_IN_FRAMEWORK_HEADER = YES;
				CLANG_WARN_RANGE_LOOP_ANALYSIS = YES;
				CLANG_WARN_STRICT_PROTOTYPES = YES;
				CLANG_WARN_SUSPICIOUS_MOVE = YES;
				CLANG_WARN_UNGUARDED_AVAILABILITY = YES_AGGRESSIVE;
				CLANG_WARN_UNREACHABLE_CODE = YES;
				CLANG_WARN__DUPLICATE_METHOD_MATCH = YES;
				COPY_PHASE_STRIP = NO;
				DEBUG_INFORMATION_FORMAT = dwarf;
				ENABLE_STRICT_OBJC_MSGSEND = YES;
				ENABLE_TESTABILITY = YES;
				ENABLE_USER_SCRIPT_SANDBOXING = YES;
				GCC_C_LANGUAGE_STANDARD = gnu17;
				GCC_DYNAMIC_NO_PIC = NO;
				GCC_NO_COMMON_BLOCKS = YES;
				GCC_OPTIMIZATION_LEVEL = 0;
				GCC_PREPROCESSOR_DEFINITIONS = (
					"DEBUG=1",
					"$(inherited)",
				);
				GCC_WARN_64_TO_32_BIT_CONVERSION = YES;
				GCC_WARN_ABOUT_RETURN_TYPE = YES_ERROR;
				GCC_WARN_UNDECLARED_SELECTOR = YES;
				GCC_WARN_UNINITIALIZED_AUTOS = YES_AGGRESSIVE;
				GCC_WARN_UNUSED_FUNCTION = YES;
				GCC_WARN_UNUSED_VARIABLE = YES;
				IPHONEOS_DEPLOYMENT_TARGET = 17.0;
				LOCALIZATION_PREFERS_STRING_CATALOGS = YES;
				MTL_ENABLE_DEBUG_INFO = INCLUDE_SOURCE;
				MTL_FAST_MATH = YES;
				ONLY_ACTIVE_ARCH = YES;
				SDKROOT = iphoneos;
				SWIFT_ACTIVE_COMPILATION_CONDITIONS = "DEBUG $(inherited)";
				SWIFT_OPTIMIZATION_LEVEL = "-Onone";
			};
			name = Debug;
		};
		3F95B9CC2B98B4D90004B9C1 /* Release */ = {
			isa = XCBuildConfiguration;
			buildSettings = {
				ALWAYS_SEARCH_USER_PATHS = NO;
				ASSETCATALOG_COMPILER_GENERATE_SWIFT_ASSET_SYMBOL_EXTENSIONS = YES;
				CLANG_ANALYZER_NONNULL = YES;
				CLANG_ANALYZER_NUMBER_OBJECT_CONVERSION = YES_AGGRESSIVE;
				CLANG_CXX_LANGUAGE_STANDARD = "gnu++20";
				CLANG_ENABLE_MODULES = YES;
				CLANG_ENABLE_OBJC_ARC = YES;
				CLANG_ENABLE_OBJC_WEAK = YES;
				CLANG_WARN_BLOCK_CAPTURE_AUTORELEASING = YES;
				CLANG_WARN_BOOL_CONVERSION = YES;
				CLANG_WARN_COMMA = YES;
				CLANG_WARN_CONSTANT_CONVERSION = YES;
				CLANG_WARN_DEPRECATED_OBJC_IMPLEMENTATIONS = YES;
				CLANG_WARN_DIRECT_OBJC_ISA_USAGE = YES_ERROR;
				CLANG_WARN_DOCUMENTATION_COMMENTS = YES;
				CLANG_WARN_EMPTY_BODY = YES;
				CLANG_WARN_ENUM_CONVERSION = YES;
				CLANG_WARN_INFINITE_RECURSION = YES;
				CLANG_WARN_INT_CONVERSION = YES;
				CLANG_WARN_NON_LITERAL_NULL_CONVERSION = YES;
				CLANG_WARN_OBJC_IMPLICIT_RETAIN_SELF = YES;
				CLANG_WARN_OBJC_LITERAL_CONVERSION = YES;
				CLANG_WARN_OBJC_ROOT_CLASS = YES_ERROR;
				CLANG_WARN_QUOTED_INCLUDE_IN_FRAMEWORK_HEADER = YES;
				CLANG_WARN_RANGE_LOOP_ANALYSIS = YES;
				CLANG_WARN_STRICT_PROTOTYPES = YES;
				CLANG_WARN_SUSPICIOUS_MOVE = YES;
				CLANG_WARN_UNGUARDED_AVAILABILITY = YES_AGGRESSIVE;
				CLANG_WARN_UNREACHABLE_CODE = YES;
				CLANG_WARN__DUPLICATE_METHOD_MATCH = YES;
				COPY_PHASE_STRIP = NO;
				DEBUG_INFORMATION_FORMAT = "dwarf-with-dsym";
				ENABLE_NS_ASSERTIONS = NO;
				ENABLE_STRICT_OBJC_MSGSEND = YES;
				ENABLE_USER_SCRIPT_SANDBOXING = YES;
				GCC_C_LANGUAGE_STANDARD = gnu17;
				GCC_NO_COMMON_BLOCKS = YES;
				GCC_WARN_64_TO_32_BIT_CONVERSION = YES;
				GCC_WARN_ABOUT_RETURN_TYPE = YES_ERROR;
				GCC_WARN_UNDECLARED_SELECTOR = YES;
				GCC_WARN_UNINITIALIZED_AUTOS = YES_AGGRESSIVE;
				GCC_WARN_UNUSED_FUNCTION = YES;
				GCC_WARN_UNUSED_VARIABLE = YES;
				IPHONEOS_DEPLOYMENT_TARGET = 17.0;
				LOCALIZATION_PREFERS_STRING_CATALOGS = YES;
				MTL_ENABLE_DEBUG_INFO = NO;
				MTL_FAST_MATH = YES;
				SDKROOT = iphoneos;
				SWIFT_COMPILATION_MODE = wholemodule;
				VALIDATE_PRODUCT = YES;
			};
			name = Release;
		};
		3F95B9CE2B98B4D90004B9C1 /* Debug */ = {
			isa = XCBuildConfiguration;
			buildSettings = {
				ASSETCATALOG_COMPILER_APPICON_NAME = AppIcon;
				ASSETCATALOG_COMPILER_GLOBAL_ACCENT_COLOR_NAME = AccentColor;
				CODE_SIGN_STYLE = Automatic;
				CURRENT_PROJECT_VERSION = 1;
				GENERATE_INFOPLIST_FILE = YES;
				INFOPLIST_FILE = Movies/Info.plist;
				INFOPLIST_KEY_UIApplicationSupportsIndirectInputEvents = YES;
				INFOPLIST_KEY_UILaunchStoryboardName = LaunchScreen;
				INFOPLIST_KEY_UIMainStoryboardFile = "";
				INFOPLIST_KEY_UISupportedInterfaceOrientations_iPad = "UIInterfaceOrientationPortrait UIInterfaceOrientationPortraitUpsideDown UIInterfaceOrientationLandscapeLeft UIInterfaceOrientationLandscapeRight";
				INFOPLIST_KEY_UISupportedInterfaceOrientations_iPhone = "UIInterfaceOrientationPortrait UIInterfaceOrientationLandscapeLeft UIInterfaceOrientationLandscapeRight";
				LD_RUNPATH_SEARCH_PATHS = (
					"$(inherited)",
					"@executable_path/Frameworks",
				);
				MARKETING_VERSION = 1.0;
				PRODUCT_BUNDLE_IDENTIFIER = com.movies.Movies;
				PRODUCT_NAME = "$(TARGET_NAME)";
				SWIFT_EMIT_LOC_STRINGS = YES;
				SWIFT_VERSION = 5.0;
				TARGETED_DEVICE_FAMILY = "1,2";
			};
			name = Debug;
		};
		3F95B9CF2B98B4D90004B9C1 /* Release */ = {
			isa = XCBuildConfiguration;
			buildSettings = {
				ASSETCATALOG_COMPILER_APPICON_NAME = AppIcon;
				ASSETCATALOG_COMPILER_GLOBAL_ACCENT_COLOR_NAME = AccentColor;
				CODE_SIGN_STYLE = Automatic;
				CURRENT_PROJECT_VERSION = 1;
				GENERATE_INFOPLIST_FILE = YES;
				INFOPLIST_FILE = Movies/Info.plist;
				INFOPLIST_KEY_UIApplicationSupportsIndirectInputEvents = YES;
				INFOPLIST_KEY_UILaunchStoryboardName = LaunchScreen;
				INFOPLIST_KEY_UIMainStoryboardFile = "";
				INFOPLIST_KEY_UISupportedInterfaceOrientations_iPad = "UIInterfaceOrientationPortrait UIInterfaceOrientationPortraitUpsideDown UIInterfaceOrientationLandscapeLeft UIInterfaceOrientationLandscapeRight";
				INFOPLIST_KEY_UISupportedInterfaceOrientations_iPhone = "UIInterfaceOrientationPortrait UIInterfaceOrientationLandscapeLeft UIInterfaceOrientationLandscapeRight";
				LD_RUNPATH_SEARCH_PATHS = (
					"$(inherited)",
					"@executable_path/Frameworks",
				);
				MARKETING_VERSION = 1.0;
				PRODUCT_BUNDLE_IDENTIFIER = com.movies.Movies;
				PRODUCT_NAME = "$(TARGET_NAME)";
				SWIFT_EMIT_LOC_STRINGS = YES;
				SWIFT_VERSION = 5.0;
				TARGETED_DEVICE_FAMILY = "1,2";
			};
			name = Release;
		};
		3F95B9D12B98B4D90004B9C1 /* Debug */ = {
			isa = XCBuildConfiguration;
			buildSettings = {
				ALWAYS_EMBED_SWIFT_STANDARD_LIBRARIES = YES;
				BUNDLE_LOADER = "$(TEST_HOST)";
				CODE_SIGN_STYLE = Automatic;
				CURRENT_PROJECT_VERSION = 1;
				GENERATE_INFOPLIST_FILE = YES;
				IPHONEOS_DEPLOYMENT_TARGET = 17.0;
				MARKETING_VERSION = 1.0;
				PRODUCT_BUNDLE_IDENTIFIER = com.movies.MoviesTests;
				PRODUCT_NAME = "$(TARGET_NAME)";
				SWIFT_EMIT_LOC_STRINGS = NO;
				SWIFT_VERSION = 5.0;
				TARGETED_DEVICE_FAMILY = "1,2";
				TEST_HOST = "$(BUILT_PRODUCTS_DIR)/Movies.app/$(BUNDLE_EXECUTABLE_FOLDER_PATH)/Movies";
			};
			name = Debug;
		};
		3F95B9D22B98B4D90004B9C1 /* Release */ = {
			isa = XCBuildConfiguration;
			buildSettings = {
				ALWAYS_EMBED_SWIFT_STANDARD_LIBRARIES = YES;
				BUNDLE_LOADER = "$(TEST_HOST)";
				CODE_SIGN_STYLE = Automatic;
				CURRENT_PROJECT_VERSION = 1;
				GENERATE_INFOPLIST_FILE = YES;
				IPHONEOS_DEPLOYMENT_TARGET = 17.0;
				MARKETING_VERSION = 1.0;
				PRODUCT_BUNDLE_IDENTIFIER = com.movies.MoviesTests;
				PRODUCT_NAME = "$(TARGET_NAME)";
				SWIFT_EMIT_LOC_STRINGS = NO;
				SWIFT_VERSION = 5.0;
				TARGETED_DEVICE_FAMILY = "1,2";
				TEST_HOST = "$(BUILT_PRODUCTS_DIR)/Movies.app/$(BUNDLE_EXECUTABLE_FOLDER_PATH)/Movies";
			};
			name = Release;
		};
		3F95B9D42B98B4D90004B9C1 /* Debug */ = {
			isa = XCBuildConfiguration;
			buildSettings = {
				ALWAYS_EMBED_SWIFT_STANDARD_LIBRARIES = YES;
				CODE_SIGN_STYLE = Automatic;
				CURRENT_PROJECT_VERSION = 1;
				GENERATE_INFOPLIST_FILE = YES;
				MARKETING_VERSION = 1.0;
				PRODUCT_BUNDLE_IDENTIFIER = com.movies.MoviesUITests;
				PRODUCT_NAME = "$(TARGET_NAME)";
				SWIFT_EMIT_LOC_STRINGS = NO;
				SWIFT_VERSION = 5.0;
				TARGETED_DEVICE_FAMILY = "1,2";
				TEST_TARGET_NAME = Movies;
			};
			name = Debug;
		};
		3F95B9D52B98B4D90004B9C1 /* Release */ = {
			isa = XCBuildConfiguration;
			buildSettings = {
				ALWAYS_EMBED_SWIFT_STANDARD_LIBRARIES = YES;
				CODE_SIGN_STYLE = Automatic;
				CURRENT_PROJECT_VERSION = 1;
				GENERATE_INFOPLIST_FILE = YES;
				MARKETING_VERSION = 1.0;
				PRODUCT_BUNDLE_IDENTIFIER = com.movies.MoviesUITests;
				PRODUCT_NAME = "$(TARGET_NAME)";
				SWIFT_EMIT_LOC_STRINGS = NO;
				SWIFT_VERSION = 5.0;
				TARGETED_DEVICE_FAMILY = "1,2";
				TEST_TARGET_NAME = Movies;
			};
			name = Release;
		};
/* End XCBuildConfiguration section */

/* Begin XCConfigurationList section */
		3F95B99E2B98B4D70004B9C1 /* Build configuration list for PBXProject "Movies" */ = {
			isa = XCConfigurationList;
			buildConfigurations = (
				3F95B9CB2B98B4D90004B9C1 /* Debug */,
				3F95B9CC2B98B4D90004B9C1 /* Release */,
			);
			defaultConfigurationIsVisible = 0;
			defaultConfigurationName = Release;
		};
		3F95B9CD2B98B4D90004B9C1 /* Build configuration list for PBXNativeTarget "Movies" */ = {
			isa = XCConfigurationList;
			buildConfigurations = (
				3F95B9CE2B98B4D90004B9C1 /* Debug */,
				3F95B9CF2B98B4D90004B9C1 /* Release */,
			);
			defaultConfigurationIsVisible = 0;
			defaultConfigurationName = Release;
		};
		3F95B9D02B98B4D90004B9C1 /* Build configuration list for PBXNativeTarget "MoviesTests" */ = {
			isa = XCConfigurationList;
			buildConfigurations = (
				3F95B9D12B98B4D90004B9C1 /* Debug */,
				3F95B9D22B98B4D90004B9C1 /* Release */,
			);
			defaultConfigurationIsVisible = 0;
			defaultConfigurationName = Release;
		};
		3F95B9D32B98B4D90004B9C1 /* Build configuration list for PBXNativeTarget "MoviesUITests" */ = {
			isa = XCConfigurationList;
			buildConfigurations = (
				3F95B9D42B98B4D90004B9C1 /* Debug */,
				3F95B9D52B98B4D90004B9C1 /* Release */,
			);
			defaultConfigurationIsVisible = 0;
			defaultConfigurationName = Release;
		};
/* End XCConfigurationList section */

/* Begin XCVersionGroup section */
		3FB8480A2B9FB5D4002D19FA /* Movies.xcdatamodeld */ = {
			isa = XCVersionGroup;
			children = (
				3FB8480B2B9FB5D4002D19FA /* Movies.xcdatamodel */,
			);
			currentVersion = 3FB8480B2B9FB5D4002D19FA /* Movies.xcdatamodel */;
			path = Movies.xcdatamodeld;
			sourceTree = "<group>";
			versionGroupType = wrapper.xcdatamodel;
		};
/* End XCVersionGroup section */
	};
	rootObject = 3F95B99B2B98B4D70004B9C1 /* Project object */;
}
